
Microsoft Visual Studio Solution File, Format Version 12.00
# Visual Studio 15
VisualStudioVersion = 15.0.28010.2003
MinimumVisualStudioVersion = 10.0.40219.1
Project("{FAE04EC0-301F-11D3-BF4B-00C04F79EFBC}") = "UnitTestProject", "UnitTestProject\UnitTestProject.csproj", "{705D0EAF-D390-4399-9D4A-05E38CF42200}"
EndProject
Global
	GlobalSection(SolutionConfigurationPlatforms) = preSolution
		Debug|Any CPU = Debug|Any CPU
		Release|Any CPU = Release|Any CPU
	EndGlobalSection
	GlobalSection(ProjectConfigurationPlatforms) = postSolution
		{705D0EAF-D390-4399-9D4A-05E38CF42200}.Debug|Any CPU.ActiveCfg = Debug|Any CPU
		{705D0EAF-D390-4399-9D4A-05E38CF42200}.Debug|Any CPU.Build.0 = Debug|Any CPU
		{705D0EAF-D390-4399-9D4A-05E38CF42200}.Release|Any CPU.ActiveCfg = Release|Any CPU
		{705D0EAF-D390-4399-9D4A-05E38CF42200}.Release|Any CPU.Build.0 = Release|Any CPU
	EndGlobalSection
	GlobalSection(SolutionProperties) = preSolution
		HideSolutionNode = FALSE
	EndGlobalSection
	GlobalSection(ExtensibilityGlobals) = postSolution
		SolutionGuid = {2F27475B-745C-4085-B96E-01294E12D970}
	EndGlobalSection
EndGlobal
